// !$*UTF8*$!
{
	archiveVersion = 1;
	classes = {
	};
	objectVersion = 50;
	objects = {

/* Begin PBXBuildFile section */
		260E01C420ACB459003B7423 /* AppDelegate.swift in Sources */ = {isa = PBXBuildFile; fileRef = 260E01C320ACB459003B7423 /* AppDelegate.swift */; };
		260E01C620ACB459003B7423 /* TrendingController.swift in Sources */ = {isa = PBXBuildFile; fileRef = 260E01C520ACB459003B7423 /* TrendingController.swift */; };
		260E01C920ACB459003B7423 /* Main.storyboard in Resources */ = {isa = PBXBuildFile; fileRef = 260E01C720ACB459003B7423 /* Main.storyboard */; };
		260E01CB20ACB45B003B7423 /* Assets.xcassets in Resources */ = {isa = PBXBuildFile; fileRef = 260E01CA20ACB45B003B7423 /* Assets.xcassets */; };
		260E01CE20ACB45B003B7423 /* LaunchScreen.storyboard in Resources */ = {isa = PBXBuildFile; fileRef = 260E01CC20ACB45B003B7423 /* LaunchScreen.storyboard */; };
		260E01DA20ACBEF0003B7423 /* SongCell.swift in Sources */ = {isa = PBXBuildFile; fileRef = 260E01D920ACBEF0003B7423 /* SongCell.swift */; };
		260E01DD20ACD4EB003B7423 /* Extensions.swift in Sources */ = {isa = PBXBuildFile; fileRef = 260E01DC20ACD4EB003B7423 /* Extensions.swift */; };
		260E01DF20ACD822003B7423 /* MenuBar.swift in Sources */ = {isa = PBXBuildFile; fileRef = 260E01DE20ACD822003B7423 /* MenuBar.swift */; };
		260E01E120ACD841003B7423 /* BaseTableViewCell.swift in Sources */ = {isa = PBXBuildFile; fileRef = 260E01E020ACD841003B7423 /* BaseTableViewCell.swift */; };
		260E01E320ACDC7F003B7423 /* MenuCell.swift in Sources */ = {isa = PBXBuildFile; fileRef = 260E01E220ACDC7F003B7423 /* MenuCell.swift */; };
		260E01E520ACDD18003B7423 /* BaseCollectionViewCell.swift in Sources */ = {isa = PBXBuildFile; fileRef = 260E01E420ACDD18003B7423 /* BaseCollectionViewCell.swift */; };
		2624E43E20AF7238002FEA1A /* SongPlayerController.swift in Sources */ = {isa = PBXBuildFile; fileRef = 2624E43D20AF7238002FEA1A /* SongPlayerController.swift */; };
		264298E520AE09D6007830DC /* GoogleService-Info.plist in Resources */ = {isa = PBXBuildFile; fileRef = 264298E420AE09D6007830DC /* GoogleService-Info.plist */; };
		264298E720AE1774007830DC /* VideoModel.swift in Sources */ = {isa = PBXBuildFile; fileRef = 264298E620AE1774007830DC /* VideoModel.swift */; };
		26488A1720AFCBED000AF994 /* SearchController.swift in Sources */ = {isa = PBXBuildFile; fileRef = 26488A1620AFCBED000AF994 /* SearchController.swift */; };
		26488A1920AFD679000AF994 /* BaseViewController.swift in Sources */ = {isa = PBXBuildFile; fileRef = 26488A1820AFD679000AF994 /* BaseViewController.swift */; };
		26488A1D20B0CF9B000AF994 /* BaseTableView.swift in Sources */ = {isa = PBXBuildFile; fileRef = 26488A1C20B0CF9B000AF994 /* BaseTableView.swift */; };
		268F658920B2040C00C79523 /* PlayerControlsView.swift in Sources */ = {isa = PBXBuildFile; fileRef = 268F658820B2040C00C79523 /* PlayerControlsView.swift */; };
		9788F7B4DF4AD9E42477A291 /* Pods_Music_Player.framework in Frameworks */ = {isa = PBXBuildFile; fileRef = 9D3752BDB10DFE1551E577AD /* Pods_Music_Player.framework */; };
/* End PBXBuildFile section */

/* Begin PBXFileReference section */
		260E01C020ACB459003B7423 /* Music Player.app */ = {isa = PBXFileReference; explicitFileType = wrapper.application; includeInIndex = 0; path = "Music Player.app"; sourceTree = BUILT_PRODUCTS_DIR; };
		260E01C320ACB459003B7423 /* AppDelegate.swift */ = {isa = PBXFileReference; lastKnownFileType = sourcecode.swift; path = AppDelegate.swift; sourceTree = "<group>"; };
		260E01C520ACB459003B7423 /* TrendingController.swift */ = {isa = PBXFileReference; lastKnownFileType = sourcecode.swift; path = TrendingController.swift; sourceTree = "<group>"; };
		260E01C820ACB459003B7423 /* Base */ = {isa = PBXFileReference; lastKnownFileType = file.storyboard; name = Base; path = Base.lproj/Main.storyboard; sourceTree = "<group>"; };
		260E01CA20ACB45B003B7423 /* Assets.xcassets */ = {isa = PBXFileReference; lastKnownFileType = folder.assetcatalog; path = Assets.xcassets; sourceTree = "<group>"; };
		260E01CD20ACB45B003B7423 /* Base */ = {isa = PBXFileReference; lastKnownFileType = file.storyboard; name = Base; path = Base.lproj/LaunchScreen.storyboard; sourceTree = "<group>"; };
		260E01CF20ACB45B003B7423 /* Info.plist */ = {isa = PBXFileReference; lastKnownFileType = text.plist.xml; path = Info.plist; sourceTree = "<group>"; };
		260E01D920ACBEF0003B7423 /* SongCell.swift */ = {isa = PBXFileReference; lastKnownFileType = sourcecode.swift; path = SongCell.swift; sourceTree = "<group>"; };
		260E01DC20ACD4EB003B7423 /* Extensions.swift */ = {isa = PBXFileReference; lastKnownFileType = sourcecode.swift; path = Extensions.swift; sourceTree = "<group>"; };
		260E01DE20ACD822003B7423 /* MenuBar.swift */ = {isa = PBXFileReference; lastKnownFileType = sourcecode.swift; path = MenuBar.swift; sourceTree = "<group>"; };
		260E01E020ACD841003B7423 /* BaseTableViewCell.swift */ = {isa = PBXFileReference; lastKnownFileType = sourcecode.swift; path = BaseTableViewCell.swift; sourceTree = "<group>"; };
		260E01E220ACDC7F003B7423 /* MenuCell.swift */ = {isa = PBXFileReference; lastKnownFileType = sourcecode.swift; path = MenuCell.swift; sourceTree = "<group>"; };
		260E01E420ACDD18003B7423 /* BaseCollectionViewCell.swift */ = {isa = PBXFileReference; lastKnownFileType = sourcecode.swift; path = BaseCollectionViewCell.swift; sourceTree = "<group>"; };
		2624E43D20AF7238002FEA1A /* SongPlayerController.swift */ = {isa = PBXFileReference; lastKnownFileType = sourcecode.swift; path = SongPlayerController.swift; sourceTree = "<group>"; };
		264298E420AE09D6007830DC /* GoogleService-Info.plist */ = {isa = PBXFileReference; fileEncoding = 4; lastKnownFileType = text.plist.xml; path = "GoogleService-Info.plist"; sourceTree = "<group>"; };
		264298E620AE1774007830DC /* VideoModel.swift */ = {isa = PBXFileReference; lastKnownFileType = sourcecode.swift; path = VideoModel.swift; sourceTree = "<group>"; };
		26488A1620AFCBED000AF994 /* SearchController.swift */ = {isa = PBXFileReference; lastKnownFileType = sourcecode.swift; path = SearchController.swift; sourceTree = "<group>"; };
		26488A1820AFD679000AF994 /* BaseViewController.swift */ = {isa = PBXFileReference; lastKnownFileType = sourcecode.swift; path = BaseViewController.swift; sourceTree = "<group>"; };
		26488A1C20B0CF9B000AF994 /* BaseTableView.swift */ = {isa = PBXFileReference; lastKnownFileType = sourcecode.swift; path = BaseTableView.swift; sourceTree = "<group>"; };
		268F658820B2040C00C79523 /* PlayerControlsView.swift */ = {isa = PBXFileReference; lastKnownFileType = sourcecode.swift; path = PlayerControlsView.swift; sourceTree = "<group>"; };
		7F08F5C093B050F9027FCFCF /* Pods-Music Player.release.xcconfig */ = {isa = PBXFileReference; includeInIndex = 1; lastKnownFileType = text.xcconfig; name = "Pods-Music Player.release.xcconfig"; path = "Pods/Target Support Files/Pods-Music Player/Pods-Music Player.release.xcconfig"; sourceTree = "<group>"; };
		9D3752BDB10DFE1551E577AD /* Pods_Music_Player.framework */ = {isa = PBXFileReference; explicitFileType = wrapper.framework; includeInIndex = 0; path = Pods_Music_Player.framework; sourceTree = BUILT_PRODUCTS_DIR; };
		9DEA0C4CA3C598C2E1834447 /* Pods-Music Player.debug.xcconfig */ = {isa = PBXFileReference; includeInIndex = 1; lastKnownFileType = text.xcconfig; name = "Pods-Music Player.debug.xcconfig"; path = "Pods/Target Support Files/Pods-Music Player/Pods-Music Player.debug.xcconfig"; sourceTree = "<group>"; };
/* End PBXFileReference section */

/* Begin PBXFrameworksBuildPhase section */
		260E01BD20ACB459003B7423 /* Frameworks */ = {
			isa = PBXFrameworksBuildPhase;
			buildActionMask = 2147483647;
			files = (
				9788F7B4DF4AD9E42477A291 /* Pods_Music_Player.framework in Frameworks */,
			);
			runOnlyForDeploymentPostprocessing = 0;
		};
/* End PBXFrameworksBuildPhase section */

/* Begin PBXGroup section */
		0D005FD077AA24EE1A5D192E /* Frameworks */ = {
			isa = PBXGroup;
			children = (
				9D3752BDB10DFE1551E577AD /* Pods_Music_Player.framework */,
			);
			name = Frameworks;
			sourceTree = "<group>";
		};
		260E01B720ACB459003B7423 = {
			isa = PBXGroup;
			children = (
				260E01C220ACB459003B7423 /* Music Player */,
				260E01C120ACB459003B7423 /* Products */,
				566CC50FDFF7D31E9E4C9843 /* Pods */,
				0D005FD077AA24EE1A5D192E /* Frameworks */,
			);
			sourceTree = "<group>";
		};
		260E01C120ACB459003B7423 /* Products */ = {
			isa = PBXGroup;
			children = (
				260E01C020ACB459003B7423 /* Music Player.app */,
			);
			name = Products;
			sourceTree = "<group>";
		};
		260E01C220ACB459003B7423 /* Music Player */ = {
			isa = PBXGroup;
			children = (
				260E01DB20ACD4D7003B7423 /* Helpers */,
				260E01C320ACB459003B7423 /* AppDelegate.swift */,
				260E01D820ACB5A8003B7423 /* Supporting Files */,
				260E01D720ACB528003B7423 /* View */,
				260E01D620ACB523003B7423 /* Model */,
				260E01D520ACB514003B7423 /* Controller */,
				260E01CF20ACB45B003B7423 /* Info.plist */,
				264298E420AE09D6007830DC /* GoogleService-Info.plist */,
			);
			path = "Music Player";
			sourceTree = "<group>";
		};
		260E01D520ACB514003B7423 /* Controller */ = {
			isa = PBXGroup;
			children = (
				260E01C520ACB459003B7423 /* TrendingController.swift */,
				2624E43D20AF7238002FEA1A /* SongPlayerController.swift */,
				26488A1620AFCBED000AF994 /* SearchController.swift */,
				26488A1820AFD679000AF994 /* BaseViewController.swift */,
			);
			path = Controller;
			sourceTree = "<group>";
		};
		260E01D620ACB523003B7423 /* Model */ = {
			isa = PBXGroup;
			children = (
				264298E620AE1774007830DC /* VideoModel.swift */,
			);
			path = Model;
			sourceTree = "<group>";
		};
		260E01D720ACB528003B7423 /* View */ = {
			isa = PBXGroup;
			children = (
				260E01E020ACD841003B7423 /* BaseTableViewCell.swift */,
				260E01D920ACBEF0003B7423 /* SongCell.swift */,
				260E01DE20ACD822003B7423 /* MenuBar.swift */,
				260E01E220ACDC7F003B7423 /* MenuCell.swift */,
				260E01E420ACDD18003B7423 /* BaseCollectionViewCell.swift */,
				26488A1C20B0CF9B000AF994 /* BaseTableView.swift */,
				268F658820B2040C00C79523 /* PlayerControlsView.swift */,
			);
			path = View;
			sourceTree = "<group>";
		};
		260E01D820ACB5A8003B7423 /* Supporting Files */ = {
			isa = PBXGroup;
			children = (
				260E01CA20ACB45B003B7423 /* Assets.xcassets */,
				260E01C720ACB459003B7423 /* Main.storyboard */,
				260E01CC20ACB45B003B7423 /* LaunchScreen.storyboard */,
			);
			path = "Supporting Files";
			sourceTree = "<group>";
		};
		260E01DB20ACD4D7003B7423 /* Helpers */ = {
			isa = PBXGroup;
			children = (
				260E01DC20ACD4EB003B7423 /* Extensions.swift */,
			);
			path = Helpers;
			sourceTree = "<group>";
		};
		566CC50FDFF7D31E9E4C9843 /* Pods */ = {
			isa = PBXGroup;
			children = (
				9DEA0C4CA3C598C2E1834447 /* Pods-Music Player.debug.xcconfig */,
				7F08F5C093B050F9027FCFCF /* Pods-Music Player.release.xcconfig */,
			);
			name = Pods;
			sourceTree = "<group>";
		};
/* End PBXGroup section */

/* Begin PBXNativeTarget section */
		260E01BF20ACB459003B7423 /* Music Player */ = {
			isa = PBXNativeTarget;
			buildConfigurationList = 260E01D220ACB45B003B7423 /* Build configuration list for PBXNativeTarget "Music Player" */;
			buildPhases = (
				F516D6E572E202132C0F348E /* [CP] Check Pods Manifest.lock */,
				260E01BC20ACB459003B7423 /* Sources */,
				260E01BD20ACB459003B7423 /* Frameworks */,
				260E01BE20ACB459003B7423 /* Resources */,
				F45BAC4D2079506130DFBF67 /* [CP] Embed Pods Frameworks */,
			);
			buildRules = (
			);
			dependencies = (
			);
			name = "Music Player";
			productName = "Music Player";
			productReference = 260E01C020ACB459003B7423 /* Music Player.app */;
			productType = "com.apple.product-type.application";
		};
/* End PBXNativeTarget section */

/* Begin PBXProject section */
		260E01B820ACB459003B7423 /* Project object */ = {
			isa = PBXProject;
			attributes = {
				LastSwiftUpdateCheck = 0930;
				LastUpgradeCheck = 0930;
				ORGANIZATIONNAME = "Eugene Lu";
				TargetAttributes = {
					260E01BF20ACB459003B7423 = {
						CreatedOnToolsVersion = 9.3.1;
						SystemCapabilities = {
							com.apple.BackgroundModes = {
								enabled = 0;
							};
						};
					};
				};
			};
			buildConfigurationList = 260E01BB20ACB459003B7423 /* Build configuration list for PBXProject "Music Player" */;
			compatibilityVersion = "Xcode 9.3";
			developmentRegion = en;
			hasScannedForEncodings = 0;
			knownRegions = (
				en,
				Base,
			);
			mainGroup = 260E01B720ACB459003B7423;
			productRefGroup = 260E01C120ACB459003B7423 /* Products */;
			projectDirPath = "";
			projectRoot = "";
			targets = (
				260E01BF20ACB459003B7423 /* Music Player */,
			);
		};
/* End PBXProject section */

/* Begin PBXResourcesBuildPhase section */
		260E01BE20ACB459003B7423 /* Resources */ = {
			isa = PBXResourcesBuildPhase;
			buildActionMask = 2147483647;
			files = (
				260E01CE20ACB45B003B7423 /* LaunchScreen.storyboard in Resources */,
				264298E520AE09D6007830DC /* GoogleService-Info.plist in Resources */,
				260E01CB20ACB45B003B7423 /* Assets.xcassets in Resources */,
				260E01C920ACB459003B7423 /* Main.storyboard in Resources */,
			);
			runOnlyForDeploymentPostprocessing = 0;
		};
/* End PBXResourcesBuildPhase section */

/* Begin PBXShellScriptBuildPhase section */
		F45BAC4D2079506130DFBF67 /* [CP] Embed Pods Frameworks */ = {
			isa = PBXShellScriptBuildPhase;
			buildActionMask = 2147483647;
			files = (
			);
			inputPaths = (
				"${SRCROOT}/Pods/Target Support Files/Pods-Music Player/Pods-Music Player-frameworks.sh",
				"${BUILT_PRODUCTS_DIR}/MarqueeLabel/MarqueeLabel.framework",
				"${BUILT_PRODUCTS_DIR}/NVActivityIndicatorView/NVActivityIndicatorView.framework",
				"${BUILT_PRODUCTS_DIR}/YouTubePlayer/YouTubePlayer.framework",
			);
			name = "[CP] Embed Pods Frameworks";
			outputPaths = (
				"${TARGET_BUILD_DIR}/${FRAMEWORKS_FOLDER_PATH}/MarqueeLabel.framework",
				"${TARGET_BUILD_DIR}/${FRAMEWORKS_FOLDER_PATH}/NVActivityIndicatorView.framework",
				"${TARGET_BUILD_DIR}/${FRAMEWORKS_FOLDER_PATH}/YouTubePlayer.framework",
			);
			runOnlyForDeploymentPostprocessing = 0;
			shellPath = /bin/sh;
			shellScript = "\"${SRCROOT}/Pods/Target Support Files/Pods-Music Player/Pods-Music Player-frameworks.sh\"\n";
			showEnvVarsInLog = 0;
		};
		F516D6E572E202132C0F348E /* [CP] Check Pods Manifest.lock */ = {
			isa = PBXShellScriptBuildPhase;
			buildActionMask = 2147483647;
			files = (
			);
			inputPaths = (
				"${PODS_PODFILE_DIR_PATH}/Podfile.lock",
				"${PODS_ROOT}/Manifest.lock",
			);
			name = "[CP] Check Pods Manifest.lock";
			outputPaths = (
				"$(DERIVED_FILE_DIR)/Pods-Music Player-checkManifestLockResult.txt",
			);
			runOnlyForDeploymentPostprocessing = 0;
			shellPath = /bin/sh;
			shellScript = "diff \"${PODS_PODFILE_DIR_PATH}/Podfile.lock\" \"${PODS_ROOT}/Manifest.lock\" > /dev/null\nif [ $? != 0 ] ; then\n    # print error to STDERR\n    echo \"error: The sandbox is not in sync with the Podfile.lock. Run 'pod install' or update your CocoaPods installation.\" >&2\n    exit 1\nfi\n# This output is used by Xcode 'outputs' to avoid re-running this script phase.\necho \"SUCCESS\" > \"${SCRIPT_OUTPUT_FILE_0}\"\n";
			showEnvVarsInLog = 0;
		};
/* End PBXShellScriptBuildPhase section */

/* Begin PBXSourcesBuildPhase section */
		260E01BC20ACB459003B7423 /* Sources */ = {
			isa = PBXSourcesBuildPhase;
			buildActionMask = 2147483647;
			files = (
				260E01E320ACDC7F003B7423 /* MenuCell.swift in Sources */,
				260E01E520ACDD18003B7423 /* BaseCollectionViewCell.swift in Sources */,
				260E01C620ACB459003B7423 /* TrendingController.swift in Sources */,
				260E01DA20ACBEF0003B7423 /* SongCell.swift in Sources */,
				264298E720AE1774007830DC /* VideoModel.swift in Sources */,
				2624E43E20AF7238002FEA1A /* SongPlayerController.swift in Sources */,
				260E01C420ACB459003B7423 /* AppDelegate.swift in Sources */,
				260E01DD20ACD4EB003B7423 /* Extensions.swift in Sources */,
				26488A1D20B0CF9B000AF994 /* BaseTableView.swift in Sources */,
				268F658920B2040C00C79523 /* PlayerControlsView.swift in Sources */,
				26488A1720AFCBED000AF994 /* SearchController.swift in Sources */,
				260E01E120ACD841003B7423 /* BaseTableViewCell.swift in Sources */,
				26488A1920AFD679000AF994 /* BaseViewController.swift in Sources */,
				260E01DF20ACD822003B7423 /* MenuBar.swift in Sources */,
			);
			runOnlyForDeploymentPostprocessing = 0;
		};
/* End PBXSourcesBuildPhase section */

/* Begin PBXVariantGroup section */
		260E01C720ACB459003B7423 /* Main.storyboard */ = {
			isa = PBXVariantGroup;
			children = (
				260E01C820ACB459003B7423 /* Base */,
			);
			name = Main.storyboard;
			sourceTree = "<group>";
		};
		260E01CC20ACB45B003B7423 /* LaunchScreen.storyboard */ = {
			isa = PBXVariantGroup;
			children = (
				260E01CD20ACB45B003B7423 /* Base */,
			);
			name = LaunchScreen.storyboard;
			sourceTree = "<group>";
		};
/* End PBXVariantGroup section */

/* Begin XCBuildConfiguration section */
		260E01D020ACB45B003B7423 /* Debug */ = {
			isa = XCBuildConfiguration;
			buildSettings = {
				ALWAYS_SEARCH_USER_PATHS = NO;
				CLANG_ANALYZER_NONNULL = YES;
				CLANG_ANALYZER_NUMBER_OBJECT_CONVERSION = YES_AGGRESSIVE;
				CLANG_CXX_LANGUAGE_STANDARD = "gnu++14";
				CLANG_CXX_LIBRARY = "libc++";
				CLANG_ENABLE_MODULES = YES;
				CLANG_ENABLE_OBJC_ARC = YES;
				CLANG_ENABLE_OBJC_WEAK = YES;
				CLANG_WARN_BLOCK_CAPTURE_AUTORELEASING = YES;
				CLANG_WARN_BOOL_CONVERSION = YES;
				CLANG_WARN_COMMA = YES;
				CLANG_WARN_CONSTANT_CONVERSION = YES;
				CLANG_WARN_DEPRECATED_OBJC_IMPLEMENTATIONS = YES;
				CLANG_WARN_DIRECT_OBJC_ISA_USAGE = YES_ERROR;
				CLANG_WARN_DOCUMENTATION_COMMENTS = YES;
				CLANG_WARN_EMPTY_BODY = YES;
				CLANG_WARN_ENUM_CONVERSION = YES;
				CLANG_WARN_INFINITE_RECURSION = YES;
				CLANG_WARN_INT_CONVERSION = YES;
				CLANG_WARN_NON_LITERAL_NULL_CONVERSION = YES;
				CLANG_WARN_OBJC_IMPLICIT_RETAIN_SELF = YES;
				CLANG_WARN_OBJC_LITERAL_CONVERSION = YES;
				CLANG_WARN_OBJC_ROOT_CLASS = YES_ERROR;
				CLANG_WARN_RANGE_LOOP_ANALYSIS = YES;
				CLANG_WARN_STRICT_PROTOTYPES = YES;
				CLANG_WARN_SUSPICIOUS_MOVE = YES;
				CLANG_WARN_UNGUARDED_AVAILABILITY = YES_AGGRESSIVE;
				CLANG_WARN_UNREACHABLE_CODE = YES;
				CLANG_WARN__DUPLICATE_METHOD_MATCH = YES;
				CODE_SIGN_IDENTITY = "iPhone Developer";
				COPY_PHASE_STRIP = NO;
				DEBUG_INFORMATION_FORMAT = dwarf;
				ENABLE_STRICT_OBJC_MSGSEND = YES;
				ENABLE_TESTABILITY = YES;
				GCC_C_LANGUAGE_STANDARD = gnu11;
				GCC_DYNAMIC_NO_PIC = NO;
				GCC_NO_COMMON_BLOCKS = YES;
				GCC_OPTIMIZATION_LEVEL = 0;
				GCC_PREPROCESSOR_DEFINITIONS = (
					"DEBUG=1",
					"$(inherited)",
				);
				GCC_WARN_64_TO_32_BIT_CONVERSION = YES;
				GCC_WARN_ABOUT_RETURN_TYPE = YES_ERROR;
				GCC_WARN_UNDECLARED_SELECTOR = YES;
				GCC_WARN_UNINITIALIZED_AUTOS = YES_AGGRESSIVE;
				GCC_WARN_UNUSED_FUNCTION = YES;
				GCC_WARN_UNUSED_VARIABLE = YES;
				IPHONEOS_DEPLOYMENT_TARGET = 11.3;
				MTL_ENABLE_DEBUG_INFO = YES;
				ONLY_ACTIVE_ARCH = YES;
				SDKROOT = iphoneos;
				SWIFT_ACTIVE_COMPILATION_CONDITIONS = DEBUG;
				SWIFT_OPTIMIZATION_LEVEL = "-Onone";
			};
			name = Debug;
		};
		260E01D120ACB45B003B7423 /* Release */ = {
			isa = XCBuildConfiguration;
			buildSettings = {
				ALWAYS_SEARCH_USER_PATHS = NO;
				CLANG_ANALYZER_NONNULL = YES;
				CLANG_ANALYZER_NUMBER_OBJECT_CONVERSION = YES_AGGRESSIVE;
				CLANG_CXX_LANGUAGE_STANDARD = "gnu++14";
				CLANG_CXX_LIBRARY = "libc++";
				CLANG_ENABLE_MODULES = YES;
				CLANG_ENABLE_OBJC_ARC = YES;
				CLANG_ENABLE_OBJC_WEAK = YES;
				CLANG_WARN_BLOCK_CAPTURE_AUTORELEASING = YES;
				CLANG_WARN_BOOL_CONVERSION = YES;
				CLANG_WARN_COMMA = YES;
				CLANG_WARN_CONSTANT_CONVERSION = YES;
				CLANG_WARN_DEPRECATED_OBJC_IMPLEMENTATIONS = YES;
				CLANG_WARN_DIRECT_OBJC_ISA_USAGE = YES_ERROR;
				CLANG_WARN_DOCUMENTATION_COMMENTS = YES;
				CLANG_WARN_EMPTY_BODY = YES;
				CLANG_WARN_ENUM_CONVERSION = YES;
				CLANG_WARN_INFINITE_RECURSION = YES;
				CLANG_WARN_INT_CONVERSION = YES;
				CLANG_WARN_NON_LITERAL_NULL_CONVERSION = YES;
				CLANG_WARN_OBJC_IMPLICIT_RETAIN_SELF = YES;
				CLANG_WARN_OBJC_LITERAL_CONVERSION = YES;
				CLANG_WARN_OBJC_ROOT_CLASS = YES_ERROR;
				CLANG_WARN_RANGE_LOOP_ANALYSIS = YES;
				CLANG_WARN_STRICT_PROTOTYPES = YES;
				CLANG_WARN_SUSPICIOUS_MOVE = YES;
				CLANG_WARN_UNGUARDED_AVAILABILITY = YES_AGGRESSIVE;
				CLANG_WARN_UNREACHABLE_CODE = YES;
				CLANG_WARN__DUPLICATE_METHOD_MATCH = YES;
				CODE_SIGN_IDENTITY = "iPhone Developer";
				COPY_PHASE_STRIP = NO;
				DEBUG_INFORMATION_FORMAT = "dwarf-with-dsym";
				ENABLE_NS_ASSERTIONS = NO;
				ENABLE_STRICT_OBJC_MSGSEND = YES;
				GCC_C_LANGUAGE_STANDARD = gnu11;
				GCC_NO_COMMON_BLOCKS = YES;
				GCC_WARN_64_TO_32_BIT_CONVERSION = YES;
				GCC_WARN_ABOUT_RETURN_TYPE = YES_ERROR;
				GCC_WARN_UNDECLARED_SELECTOR = YES;
				GCC_WARN_UNINITIALIZED_AUTOS = YES_AGGRESSIVE;
				GCC_WARN_UNUSED_FUNCTION = YES;
				GCC_WARN_UNUSED_VARIABLE = YES;
				IPHONEOS_DEPLOYMENT_TARGET = 11.3;
				MTL_ENABLE_DEBUG_INFO = NO;
				SDKROOT = iphoneos;
				SWIFT_COMPILATION_MODE = wholemodule;
				SWIFT_OPTIMIZATION_LEVEL = "-O";
				VALIDATE_PRODUCT = YES;
			};
			name = Release;
		};
		260E01D320ACB45B003B7423 /* Debug */ = {
			isa = XCBuildConfiguration;
			baseConfigurationReference = 9DEA0C4CA3C598C2E1834447 /* Pods-Music Player.debug.xcconfig */;
			buildSettings = {
				ASSETCATALOG_COMPILER_APPICON_NAME = AppIcon;
				CODE_SIGN_STYLE = Automatic;
				DEVELOPMENT_TEAM = UJ6RY8Y8CY;
				INFOPLIST_FILE = "Music Player/Info.plist";
				IPHONEOS_DEPLOYMENT_TARGET = 11;
				LD_RUNPATH_SEARCH_PATHS = "$(inherited) @executable_path/Frameworks";
				PRODUCT_BUNDLE_IDENTIFIER = "com.eugenelu.musicPlayer.Music-Player";
				PRODUCT_NAME = "$(TARGET_NAME)";
				SWIFT_VERSION = 4.0;
				TARGETED_DEVICE_FAMILY = 1;
			};
			name = Debug;
		};
		260E01D420ACB45B003B7423 /* Release */ = {
			isa = XCBuildConfiguration;
			baseConfigurationReference = 7F08F5C093B050F9027FCFCF /* Pods-Music Player.release.xcconfig */;
			buildSettings = {
				ASSETCATALOG_COMPILER_APPICON_NAME = AppIcon;
				CODE_SIGN_STYLE = Automatic;
				DEVELOPMENT_TEAM = UJ6RY8Y8CY;
				INFOPLIST_FILE = "Music Player/Info.plist";
				IPHONEOS_DEPLOYMENT_TARGET = 11;
				LD_RUNPATH_SEARCH_PATHS = "$(inherited) @executable_path/Frameworks";
				PRODUCT_BUNDLE_IDENTIFIER = "com.eugenelu.musicPlayer.Music-Player";
				PRODUCT_NAME = "$(TARGET_NAME)";
				SWIFT_VERSION = 4.0;
				TARGETED_DEVICE_FAMILY = 1;
			};
			name = Release;
		};
/* End XCBuildConfiguration section */

/* Begin XCConfigurationList section */
		260E01BB20ACB459003B7423 /* Build configuration list for PBXProject "Music Player" */ = {
			isa = XCConfigurationList;
			buildConfigurations = (
				260E01D020ACB45B003B7423 /* Debug */,
				260E01D120ACB45B003B7423 /* Release */,
			);
			defaultConfigurationIsVisible = 0;
			defaultConfigurationName = Release;
		};
		260E01D220ACB45B003B7423 /* Build configuration list for PBXNativeTarget "Music Player" */ = {
			isa = XCConfigurationList;
			buildConfigurations = (
				260E01D320ACB45B003B7423 /* Debug */,
				260E01D420ACB45B003B7423 /* Release */,
			);
			defaultConfigurationIsVisible = 0;
			defaultConfigurationName = Release;
		};
/* End XCConfigurationList section */
	};
	rootObject = 260E01B820ACB459003B7423 /* Project object */;
}
